
Microsoft Visual Studio Solution File, Format Version 12.00
# Visual Studio Version 16
VisualStudioVersion = 16.0.29519.87
MinimumVisualStudioVersion = 10.0.40219.1
Project("{FAE04EC0-301F-11D3-BF4B-00C04F79EFBC}") = "00_ConsoleApps", "ConsoleApps\00_ConsoleApps.csproj", "{A6D9D5CF-3F12-4916-9EDB-29E7DA615585}"
EndProject
Project("{FAE04EC0-301F-11D3-BF4B-00C04F79EFBC}") = "01_DataTypes", "DataTypes\01_DataTypes.csproj", "{FE027C05-381E-4827-9821-3ED46249BC05}"
EndProject
Project("{FAE04EC0-301F-11D3-BF4B-00C04F79EFBC}") = "02_Variables", "variables\02_Variables.csproj", "{25173821-352C-4153-9149-FDDCD66134A2}"
EndProject
Project("{FAE04EC0-301F-11D3-BF4B-00C04F79EFBC}") = "03_InputToTheConsole", "InputToTheConsole\03_InputToTheConsole.csproj", "{19D08787-2647-4DE5-9EE9-9C2E85FE6DD9}"
EndProject
Project("{FAE04EC0-301F-11D3-BF4B-00C04F79EFBC}") = "04_Conversion", "Conversion\04_Conversion.csproj", "{C7CF0AFC-5937-4C98-AE8F-1AFF4B307B80}"
EndProject
Project("{FAE04EC0-301F-11D3-BF4B-00C04F79EFBC}") = "05_FractionConversion", "FractionConversion\05_FractionConversion.csproj", "{1D809FCE-6CE7-48C3-80CF-E583DE81B99C}"
EndProject
Project("{FAE04EC0-301F-11D3-BF4B-00C04F79EFBC}") = "06_ParseTryparse", "ParseTryparse\06_ParseTryparse.csproj", "{A1966345-9807-4BF1-851B-27C545814E40}"
EndProject
Project("{FAE04EC0-301F-11D3-BF4B-00C04F79EFBC}") = "07_ArithmeticOperations", "ArithmeticOperations\07_ArithmeticOperations.csproj", "{A7EB40FD-FB7A-4520-9F96-1B83970B46F0}"
EndProject
Project("{FAE04EC0-301F-11D3-BF4B-00C04F79EFBC}") = "08_IncrementDecrement", "Increment,Decrement\08_IncrementDecrement.csproj", "{57E87306-84F4-46BE-93C9-19982D9DA578}"
EndProject
Project("{FAE04EC0-301F-11D3-BF4B-00C04F79EFBC}") = "09_ConditionalExpressions", "ConditionalExpressions\09_ConditionalExpressions.csproj", "{B905E202-E5BB-4765-B57D-614097E201E1}"
EndProject
Project("{FAE04EC0-301F-11D3-BF4B-00C04F79EFBC}") = "10_ConditionalСonstructions", "ConditionalСonstructions\10_ConditionalСonstructions.csproj", "{ED4839BD-0F0A-46E6-A47A-41164CB3930E}"
EndProject
Project("{FAE04EC0-301F-11D3-BF4B-00C04F79EFBC}") = "11_switch", "switch\11_switch.csproj", "{2DC7BB73-B752-4206-A3D1-A9B73234299E}"
EndProject
Project("{FAE04EC0-301F-11D3-BF4B-00C04F79EFBC}") = "12_WhileDo", "While\12_WhileDo.csproj", "{6916475C-8198-4619-9EC3-E64227E5CF43}"
EndProject
Project("{FAE04EC0-301F-11D3-BF4B-00C04F79EFBC}") = "13_for", "for\13_for.csproj", "{0A507D0E-2DF9-418E-9A7E-8CA3B228C860}"
EndProject
Project("{FAE04EC0-301F-11D3-BF4B-00C04F79EFBC}") = "14_BreakContinue", "break\14_BreakContinue.csproj", "{12BD18E8-9423-4480-B55A-08870DB4C0F0}"
EndProject
Project("{FAE04EC0-301F-11D3-BF4B-00C04F79EFBC}") = "15_NestedLoop", "NestedLoop\15_NestedLoop.csproj", "{C245047D-B99E-41C9-821A-5E93AF2D957C}"
EndProject
Global
	GlobalSection(SolutionConfigurationPlatforms) = preSolution
		Debug|Any CPU = Debug|Any CPU
		Release|Any CPU = Release|Any CPU
	EndGlobalSection
	GlobalSection(ProjectConfigurationPlatforms) = postSolution
		{A6D9D5CF-3F12-4916-9EDB-29E7DA615585}.Debug|Any CPU.ActiveCfg = Debug|Any CPU
		{A6D9D5CF-3F12-4916-9EDB-29E7DA615585}.Debug|Any CPU.Build.0 = Debug|Any CPU
		{A6D9D5CF-3F12-4916-9EDB-29E7DA615585}.Release|Any CPU.ActiveCfg = Release|Any CPU
		{A6D9D5CF-3F12-4916-9EDB-29E7DA615585}.Release|Any CPU.Build.0 = Release|Any CPU
		{FE027C05-381E-4827-9821-3ED46249BC05}.Debug|Any CPU.ActiveCfg = Debug|Any CPU
		{FE027C05-381E-4827-9821-3ED46249BC05}.Debug|Any CPU.Build.0 = Debug|Any CPU
		{FE027C05-381E-4827-9821-3ED46249BC05}.Release|Any CPU.ActiveCfg = Release|Any CPU
		{FE027C05-381E-4827-9821-3ED46249BC05}.Release|Any CPU.Build.0 = Release|Any CPU
		{25173821-352C-4153-9149-FDDCD66134A2}.Debug|Any CPU.ActiveCfg = Debug|Any CPU
		{25173821-352C-4153-9149-FDDCD66134A2}.Debug|Any CPU.Build.0 = Debug|Any CPU
		{25173821-352C-4153-9149-FDDCD66134A2}.Release|Any CPU.ActiveCfg = Release|Any CPU
		{25173821-352C-4153-9149-FDDCD66134A2}.Release|Any CPU.Build.0 = Release|Any CPU
		{19D08787-2647-4DE5-9EE9-9C2E85FE6DD9}.Debug|Any CPU.ActiveCfg = Debug|Any CPU
		{19D08787-2647-4DE5-9EE9-9C2E85FE6DD9}.Debug|Any CPU.Build.0 = Debug|Any CPU
		{19D08787-2647-4DE5-9EE9-9C2E85FE6DD9}.Release|Any CPU.ActiveCfg = Release|Any CPU
		{19D08787-2647-4DE5-9EE9-9C2E85FE6DD9}.Release|Any CPU.Build.0 = Release|Any CPU
		{C7CF0AFC-5937-4C98-AE8F-1AFF4B307B80}.Debug|Any CPU.ActiveCfg = Debug|Any CPU
		{C7CF0AFC-5937-4C98-AE8F-1AFF4B307B80}.Debug|Any CPU.Build.0 = Debug|Any CPU
		{C7CF0AFC-5937-4C98-AE8F-1AFF4B307B80}.Release|Any CPU.ActiveCfg = Release|Any CPU
		{C7CF0AFC-5937-4C98-AE8F-1AFF4B307B80}.Release|Any CPU.Build.0 = Release|Any CPU
		{1D809FCE-6CE7-48C3-80CF-E583DE81B99C}.Debug|Any CPU.ActiveCfg = Debug|Any CPU
		{1D809FCE-6CE7-48C3-80CF-E583DE81B99C}.Debug|Any CPU.Build.0 = Debug|Any CPU
		{1D809FCE-6CE7-48C3-80CF-E583DE81B99C}.Release|Any CPU.ActiveCfg = Release|Any CPU
		{1D809FCE-6CE7-48C3-80CF-E583DE81B99C}.Release|Any CPU.Build.0 = Release|Any CPU
		{A1966345-9807-4BF1-851B-27C545814E40}.Debug|Any CPU.ActiveCfg = Debug|Any CPU
		{A1966345-9807-4BF1-851B-27C545814E40}.Debug|Any CPU.Build.0 = Debug|Any CPU
		{A1966345-9807-4BF1-851B-27C545814E40}.Release|Any CPU.ActiveCfg = Release|Any CPU
		{A1966345-9807-4BF1-851B-27C545814E40}.Release|Any CPU.Build.0 = Release|Any CPU
		{A7EB40FD-FB7A-4520-9F96-1B83970B46F0}.Debug|Any CPU.ActiveCfg = Debug|Any CPU
		{A7EB40FD-FB7A-4520-9F96-1B83970B46F0}.Debug|Any CPU.Build.0 = Debug|Any CPU
		{A7EB40FD-FB7A-4520-9F96-1B83970B46F0}.Release|Any CPU.ActiveCfg = Release|Any CPU
		{A7EB40FD-FB7A-4520-9F96-1B83970B46F0}.Release|Any CPU.Build.0 = Release|Any CPU
		{57E87306-84F4-46BE-93C9-19982D9DA578}.Debug|Any CPU.ActiveCfg = Debug|Any CPU
		{57E87306-84F4-46BE-93C9-19982D9DA578}.Debug|Any CPU.Build.0 = Debug|Any CPU
		{57E87306-84F4-46BE-93C9-19982D9DA578}.Release|Any CPU.ActiveCfg = Release|Any CPU
		{57E87306-84F4-46BE-93C9-19982D9DA578}.Release|Any CPU.Build.0 = Release|Any CPU
		{B905E202-E5BB-4765-B57D-614097E201E1}.Debug|Any CPU.ActiveCfg = Debug|Any CPU
		{B905E202-E5BB-4765-B57D-614097E201E1}.Debug|Any CPU.Build.0 = Debug|Any CPU
		{B905E202-E5BB-4765-B57D-614097E201E1}.Release|Any CPU.ActiveCfg = Release|Any CPU
		{B905E202-E5BB-4765-B57D-614097E201E1}.Release|Any CPU.Build.0 = Release|Any CPU
		{ED4839BD-0F0A-46E6-A47A-41164CB3930E}.Debug|Any CPU.ActiveCfg = Debug|Any CPU
		{ED4839BD-0F0A-46E6-A47A-41164CB3930E}.Debug|Any CPU.Build.0 = Debug|Any CPU
		{ED4839BD-0F0A-46E6-A47A-41164CB3930E}.Release|Any CPU.ActiveCfg = Release|Any CPU
		{ED4839BD-0F0A-46E6-A47A-41164CB3930E}.Release|Any CPU.Build.0 = Release|Any CPU
		{2DC7BB73-B752-4206-A3D1-A9B73234299E}.Debug|Any CPU.ActiveCfg = Debug|Any CPU
		{2DC7BB73-B752-4206-A3D1-A9B73234299E}.Debug|Any CPU.Build.0 = Debug|Any CPU
		{2DC7BB73-B752-4206-A3D1-A9B73234299E}.Release|Any CPU.ActiveCfg = Release|Any CPU
		{2DC7BB73-B752-4206-A3D1-A9B73234299E}.Release|Any CPU.Build.0 = Release|Any CPU
		{6916475C-8198-4619-9EC3-E64227E5CF43}.Debug|Any CPU.ActiveCfg = Debug|Any CPU
		{6916475C-8198-4619-9EC3-E64227E5CF43}.Debug|Any CPU.Build.0 = Debug|Any CPU
		{6916475C-8198-4619-9EC3-E64227E5CF43}.Release|Any CPU.ActiveCfg = Release|Any CPU
		{6916475C-8198-4619-9EC3-E64227E5CF43}.Release|Any CPU.Build.0 = Release|Any CPU
		{0A507D0E-2DF9-418E-9A7E-8CA3B228C860}.Debug|Any CPU.ActiveCfg = Debug|Any CPU
		{0A507D0E-2DF9-418E-9A7E-8CA3B228C860}.Debug|Any CPU.Build.0 = Debug|Any CPU
		{0A507D0E-2DF9-418E-9A7E-8CA3B228C860}.Release|Any CPU.ActiveCfg = Release|Any CPU
		{0A507D0E-2DF9-418E-9A7E-8CA3B228C860}.Release|Any CPU.Build.0 = Release|Any CPU
		{12BD18E8-9423-4480-B55A-08870DB4C0F0}.Debug|Any CPU.ActiveCfg = Debug|Any CPU
		{12BD18E8-9423-4480-B55A-08870DB4C0F0}.Debug|Any CPU.Build.0 = Debug|Any CPU
		{12BD18E8-9423-4480-B55A-08870DB4C0F0}.Release|Any CPU.ActiveCfg = Release|Any CPU
		{12BD18E8-9423-4480-B55A-08870DB4C0F0}.Release|Any CPU.Build.0 = Release|Any CPU
		{C245047D-B99E-41C9-821A-5E93AF2D957C}.Debug|Any CPU.ActiveCfg = Debug|Any CPU
		{C245047D-B99E-41C9-821A-5E93AF2D957C}.Debug|Any CPU.Build.0 = Debug|Any CPU
		{C245047D-B99E-41C9-821A-5E93AF2D957C}.Release|Any CPU.ActiveCfg = Release|Any CPU
		{C245047D-B99E-41C9-821A-5E93AF2D957C}.Release|Any CPU.Build.0 = Release|Any CPU
	EndGlobalSection
	GlobalSection(SolutionProperties) = preSolution
		HideSolutionNode = FALSE
	EndGlobalSection
	GlobalSection(ExtensibilityGlobals) = postSolution
		SolutionGuid = {4F107C33-E3C9-4375-8C7A-B26E1F83D19D}
	EndGlobalSection
EndGlobal
