
Microsoft Visual Studio Solution File, Format Version 12.00
# Visual Studio Version 16
VisualStudioVersion = 16.0.29519.87
MinimumVisualStudioVersion = 10.0.40219.1
Project("{FAE04EC0-301F-11D3-BF4B-00C04F79EFBC}") = "00_ConsoleApps", "ConsoleApps\00_ConsoleApps.csproj", "{A6D9D5CF-3F12-4916-9EDB-29E7DA615585}"
EndProject
Project("{FAE04EC0-301F-11D3-BF4B-00C04F79EFBC}") = "01_DataTypes", "DataTypes\01_DataTypes.csproj", "{FE027C05-381E-4827-9821-3ED46249BC05}"
EndProject
Project("{FAE04EC0-301F-11D3-BF4B-00C04F79EFBC}") = "02_Variables", "variables\02_Variables.csproj", "{25173821-352C-4153-9149-FDDCD66134A2}"
EndProject
Project("{FAE04EC0-301F-11D3-BF4B-00C04F79EFBC}") = "03_InputToTheConsole", "InputToTheConsole\03_InputToTheConsole.csproj", "{19D08787-2647-4DE5-9EE9-9C2E85FE6DD9}"
EndProject
Project("{FAE04EC0-301F-11D3-BF4B-00C04F79EFBC}") = "04_Conversion", "Conversion\04_Conversion.csproj", "{C7CF0AFC-5937-4C98-AE8F-1AFF4B307B80}"
EndProject
Project("{FAE04EC0-301F-11D3-BF4B-00C04F79EFBC}") = "05_FractionConversion", "FractionConversion\05_FractionConversion.csproj", "{1D809FCE-6CE7-48C3-80CF-E583DE81B99C}"
EndProject
Project("{FAE04EC0-301F-11D3-BF4B-00C04F79EFBC}") = "06_ParseTryparse", "ParseTryparse\06_ParseTryparse.csproj", "{A1966345-9807-4BF1-851B-27C545814E40}"
EndProject
Project("{FAE04EC0-301F-11D3-BF4B-00C04F79EFBC}") = "07_ArithmeticOperations", "ArithmeticOperations\07_ArithmeticOperations.csproj", "{A7EB40FD-FB7A-4520-9F96-1B83970B46F0}"
EndProject
Global
	GlobalSection(SolutionConfigurationPlatforms) = preSolution
		Debug|Any CPU = Debug|Any CPU
		Release|Any CPU = Release|Any CPU
	EndGlobalSection
	GlobalSection(ProjectConfigurationPlatforms) = postSolution
		{A6D9D5CF-3F12-4916-9EDB-29E7DA615585}.Debug|Any CPU.ActiveCfg = Debug|Any CPU
		{A6D9D5CF-3F12-4916-9EDB-29E7DA615585}.Debug|Any CPU.Build.0 = Debug|Any CPU
		{A6D9D5CF-3F12-4916-9EDB-29E7DA615585}.Release|Any CPU.ActiveCfg = Release|Any CPU
		{A6D9D5CF-3F12-4916-9EDB-29E7DA615585}.Release|Any CPU.Build.0 = Release|Any CPU
		{FE027C05-381E-4827-9821-3ED46249BC05}.Debug|Any CPU.ActiveCfg = Debug|Any CPU
		{FE027C05-381E-4827-9821-3ED46249BC05}.Debug|Any CPU.Build.0 = Debug|Any CPU
		{FE027C05-381E-4827-9821-3ED46249BC05}.Release|Any CPU.ActiveCfg = Release|Any CPU
		{FE027C05-381E-4827-9821-3ED46249BC05}.Release|Any CPU.Build.0 = Release|Any CPU
		{25173821-352C-4153-9149-FDDCD66134A2}.Debug|Any CPU.ActiveCfg = Debug|Any CPU
		{25173821-352C-4153-9149-FDDCD66134A2}.Debug|Any CPU.Build.0 = Debug|Any CPU
		{25173821-352C-4153-9149-FDDCD66134A2}.Release|Any CPU.ActiveCfg = Release|Any CPU
		{25173821-352C-4153-9149-FDDCD66134A2}.Release|Any CPU.Build.0 = Release|Any CPU
		{19D08787-2647-4DE5-9EE9-9C2E85FE6DD9}.Debug|Any CPU.ActiveCfg = Debug|Any CPU
		{19D08787-2647-4DE5-9EE9-9C2E85FE6DD9}.Debug|Any CPU.Build.0 = Debug|Any CPU
		{19D08787-2647-4DE5-9EE9-9C2E85FE6DD9}.Release|Any CPU.ActiveCfg = Release|Any CPU
		{19D08787-2647-4DE5-9EE9-9C2E85FE6DD9}.Release|Any CPU.Build.0 = Release|Any CPU
		{C7CF0AFC-5937-4C98-AE8F-1AFF4B307B80}.Debug|Any CPU.ActiveCfg = Debug|Any CPU
		{C7CF0AFC-5937-4C98-AE8F-1AFF4B307B80}.Debug|Any CPU.Build.0 = Debug|Any CPU
		{C7CF0AFC-5937-4C98-AE8F-1AFF4B307B80}.Release|Any CPU.ActiveCfg = Release|Any CPU
		{C7CF0AFC-5937-4C98-AE8F-1AFF4B307B80}.Release|Any CPU.Build.0 = Release|Any CPU
		{1D809FCE-6CE7-48C3-80CF-E583DE81B99C}.Debug|Any CPU.ActiveCfg = Debug|Any CPU
		{1D809FCE-6CE7-48C3-80CF-E583DE81B99C}.Debug|Any CPU.Build.0 = Debug|Any CPU
		{1D809FCE-6CE7-48C3-80CF-E583DE81B99C}.Release|Any CPU.ActiveCfg = Release|Any CPU
		{1D809FCE-6CE7-48C3-80CF-E583DE81B99C}.Release|Any CPU.Build.0 = Release|Any CPU
		{A1966345-9807-4BF1-851B-27C545814E40}.Debug|Any CPU.ActiveCfg = Debug|Any CPU
		{A1966345-9807-4BF1-851B-27C545814E40}.Debug|Any CPU.Build.0 = Debug|Any CPU
		{A1966345-9807-4BF1-851B-27C545814E40}.Release|Any CPU.ActiveCfg = Release|Any CPU
		{A1966345-9807-4BF1-851B-27C545814E40}.Release|Any CPU.Build.0 = Release|Any CPU
		{A7EB40FD-FB7A-4520-9F96-1B83970B46F0}.Debug|Any CPU.ActiveCfg = Debug|Any CPU
		{A7EB40FD-FB7A-4520-9F96-1B83970B46F0}.Debug|Any CPU.Build.0 = Debug|Any CPU
		{A7EB40FD-FB7A-4520-9F96-1B83970B46F0}.Release|Any CPU.ActiveCfg = Release|Any CPU
		{A7EB40FD-FB7A-4520-9F96-1B83970B46F0}.Release|Any CPU.Build.0 = Release|Any CPU
	EndGlobalSection
	GlobalSection(SolutionProperties) = preSolution
		HideSolutionNode = FALSE
	EndGlobalSection
	GlobalSection(ExtensibilityGlobals) = postSolution
		SolutionGuid = {4F107C33-E3C9-4375-8C7A-B26E1F83D19D}
	EndGlobalSection
EndGlobal
